// !$*UTF8*$!
{
	archiveVersion = 1;
	classes = {
	};
	objectVersion = 77;
	objects = {

/* Begin PBXContainerItemProxy section */
		484E985A2D055480005B8AD9 /* PBXContainerItemProxy */ = {
			isa = PBXContainerItemProxy;
			containerPortal = 484E98402D05547F005B8AD9 /* Project object */;
			proxyType = 1;
			remoteGlobalIDString = 484E98472D05547F005B8AD9;
			remoteInfo = YIKES;
		};
		484E98642D055480005B8AD9 /* PBXContainerItemProxy */ = {
			isa = PBXContainerItemProxy;
			containerPortal = 484E98402D05547F005B8AD9 /* Project object */;
			proxyType = 1;
			remoteGlobalIDString = 484E98472D05547F005B8AD9;
			remoteInfo = YIKES;
		};
/* End PBXContainerItemProxy section */

/* Begin PBXFileReference section */
		484E98482D05547F005B8AD9 /* YIKES.app */ = {isa = PBXFileReference; explicitFileType = wrapper.application; includeInIndex = 0; path = YIKES.app; sourceTree = BUILT_PRODUCTS_DIR; };
		484E98592D055480005B8AD9 /* YIKESTests.xctest */ = {isa = PBXFileReference; explicitFileType = wrapper.cfbundle; includeInIndex = 0; path = YIKESTests.xctest; sourceTree = BUILT_PRODUCTS_DIR; };
		484E98632D055480005B8AD9 /* YIKESUITests.xctest */ = {isa = PBXFileReference; explicitFileType = wrapper.cfbundle; includeInIndex = 0; path = YIKESUITests.xctest; sourceTree = BUILT_PRODUCTS_DIR; };
/* End PBXFileReference section */

/* Begin PBXFileSystemSynchronizedRootGroup section */
		484E984A2D05547F005B8AD9 /* YIKES */ = {
			isa = PBXFileSystemSynchronizedRootGroup;
			path = YIKES;
			sourceTree = "<group>";
		};
		484E985C2D055480005B8AD9 /* YIKESTests */ = {
			isa = PBXFileSystemSynchronizedRootGroup;
			path = YIKESTests;
			sourceTree = "<group>";
		};
		484E98662D055480005B8AD9 /* YIKESUITests */ = {
			isa = PBXFileSystemSynchronizedRootGroup;
			path = YIKESUITests;
			sourceTree = "<group>";
		};
/* End PBXFileSystemSynchronizedRootGroup section */

/* Begin PBXFrameworksBuildPhase section */
		484E98452D05547F005B8AD9 /* Frameworks */ = {
			isa = PBXFrameworksBuildPhase;
			buildActionMask = 2147483647;
			files = (
			);
			runOnlyForDeploymentPostprocessing = 0;
		};
		484E98562D055480005B8AD9 /* Frameworks */ = {
			isa = PBXFrameworksBuildPhase;
			buildActionMask = 2147483647;
			files = (
			);
			runOnlyForDeploymentPostprocessing = 0;
		};
		484E98602D055480005B8AD9 /* Frameworks */ = {
			isa = PBXFrameworksBuildPhase;
			buildActionMask = 2147483647;
			files = (
			);
			runOnlyForDeploymentPostprocessing = 0;
		};
/* End PBXFrameworksBuildPhase section */

/* Begin PBXGroup section */
		484E983F2D05547F005B8AD9 = {
			isa = PBXGroup;
			children = (
				484E984A2D05547F005B8AD9 /* YIKES */,
				484E985C2D055480005B8AD9 /* YIKESTests */,
				484E98662D055480005B8AD9 /* YIKESUITests */,
				484E98492D05547F005B8AD9 /* Products */,
			);
			sourceTree = "<group>";
		};
		484E98492D05547F005B8AD9 /* Products */ = {
			isa = PBXGroup;
			children = (
				484E98482D05547F005B8AD9 /* YIKES.app */,
				484E98592D055480005B8AD9 /* YIKESTests.xctest */,
				484E98632D055480005B8AD9 /* YIKESUITests.xctest */,
			);
			name = Products;
			sourceTree = "<group>";
		};
/* End PBXGroup section */

/* Begin PBXNativeTarget section */
		484E98472D05547F005B8AD9 /* YIKES */ = {
			isa = PBXNativeTarget;
			buildConfigurationList = 484E986D2D055480005B8AD9 /* Build configuration list for PBXNativeTarget "YIKES" */;
			buildPhases = (
				484E98442D05547F005B8AD9 /* Sources */,
				484E98452D05547F005B8AD9 /* Frameworks */,
				484E98462D05547F005B8AD9 /* Resources */,
			);
			buildRules = (
			);
			dependencies = (
			);
			fileSystemSynchronizedGroups = (
				484E984A2D05547F005B8AD9 /* YIKES */,
			);
			name = YIKES;
			packageProductDependencies = (
			);
			productName = YIKES;
			productReference = 484E98482D05547F005B8AD9 /* YIKES.app */;
			productType = "com.apple.product-type.application";
		};
		484E98582D055480005B8AD9 /* YIKESTests */ = {
			isa = PBXNativeTarget;
			buildConfigurationList = 484E98702D055480005B8AD9 /* Build configuration list for PBXNativeTarget "YIKESTests" */;
			buildPhases = (
				484E98552D055480005B8AD9 /* Sources */,
				484E98562D055480005B8AD9 /* Frameworks */,
				484E98572D055480005B8AD9 /* Resources */,
			);
			buildRules = (
			);
			dependencies = (
				484E985B2D055480005B8AD9 /* PBXTargetDependency */,
			);
			fileSystemSynchronizedGroups = (
				484E985C2D055480005B8AD9 /* YIKESTests */,
			);
			name = YIKESTests;
			packageProductDependencies = (
			);
			productName = YIKESTests;
			productReference = 484E98592D055480005B8AD9 /* YIKESTests.xctest */;
			productType = "com.apple.product-type.bundle.unit-test";
		};
		484E98622D055480005B8AD9 /* YIKESUITests */ = {
			isa = PBXNativeTarget;
			buildConfigurationList = 484E98732D055480005B8AD9 /* Build configuration list for PBXNativeTarget "YIKESUITests" */;
			buildPhases = (
				484E985F2D055480005B8AD9 /* Sources */,
				484E98602D055480005B8AD9 /* Frameworks */,
				484E98612D055480005B8AD9 /* Resources */,
			);
			buildRules = (
			);
			dependencies = (
				484E98652D055480005B8AD9 /* PBXTargetDependency */,
			);
			fileSystemSynchronizedGroups = (
				484E98662D055480005B8AD9 /* YIKESUITests */,
			);
			name = YIKESUITests;
			packageProductDependencies = (
			);
			productName = YIKESUITests;
			productReference = 484E98632D055480005B8AD9 /* YIKESUITests.xctest */;
			productType = "com.apple.product-type.bundle.ui-testing";
		};
/* End PBXNativeTarget section */

/* Begin PBXProject section */
		484E98402D05547F005B8AD9 /* Project object */ = {
			isa = PBXProject;
			attributes = {
				BuildIndependentTargetsInParallel = 1;
				LastSwiftUpdateCheck = 1610;
				LastUpgradeCheck = 1610;
				TargetAttributes = {
					484E98472D05547F005B8AD9 = {
						CreatedOnToolsVersion = 16.1;
					};
					484E98582D055480005B8AD9 = {
						CreatedOnToolsVersion = 16.1;
						TestTargetID = 484E98472D05547F005B8AD9;
					};
					484E98622D055480005B8AD9 = {
						CreatedOnToolsVersion = 16.1;
						TestTargetID = 484E98472D05547F005B8AD9;
					};
				};
			};
			buildConfigurationList = 484E98432D05547F005B8AD9 /* Build configuration list for PBXProject "YIKES" */;
			developmentRegion = en;
			hasScannedForEncodings = 0;
			knownRegions = (
				en,
				Base,
			);
			mainGroup = 484E983F2D05547F005B8AD9;
			minimizedProjectReferenceProxies = 1;
			preferredProjectObjectVersion = 77;
			productRefGroup = 484E98492D05547F005B8AD9 /* Products */;
			projectDirPath = "";
			projectRoot = "";
			targets = (
				484E98472D05547F005B8AD9 /* YIKES */,
				484E98582D055480005B8AD9 /* YIKESTests */,
				484E98622D055480005B8AD9 /* YIKESUITests */,
			);
		};
/* End PBXProject section */

/* Begin PBXResourcesBuildPhase section */
		484E98462D05547F005B8AD9 /* Resources */ = {
			isa = PBXResourcesBuildPhase;
			buildActionMask = 2147483647;
			files = (
			);
			runOnlyForDeploymentPostprocessing = 0;
		};
		484E98572D055480005B8AD9 /* Resources */ = {
			isa = PBXResourcesBuildPhase;
			buildActionMask = 2147483647;
			files = (
			);
			runOnlyForDeploymentPostprocessing = 0;
		};
		484E98612D055480005B8AD9 /* Resources */ = {
			isa = PBXResourcesBuildPhase;
			buildActionMask = 2147483647;
			files = (
			);
			runOnlyForDeploymentPostprocessing = 0;
		};
/* End PBXResourcesBuildPhase section */

/* Begin PBXSourcesBuildPhase section */
		484E98442D05547F005B8AD9 /* Sources */ = {
			isa = PBXSourcesBuildPhase;
			buildActionMask = 2147483647;
			files = (
			);
			runOnlyForDeploymentPostprocessing = 0;
		};
		484E98552D055480005B8AD9 /* Sources */ = {
			isa = PBXSourcesBuildPhase;
			buildActionMask = 2147483647;
			files = (
			);
			runOnlyForDeploymentPostprocessing = 0;
		};
		484E985F2D055480005B8AD9 /* Sources */ = {
			isa = PBXSourcesBuildPhase;
			buildActionMask = 2147483647;
			files = (
			);
			runOnlyForDeploymentPostprocessing = 0;
		};
/* End PBXSourcesBuildPhase section */

/* Begin PBXTargetDependency section */
		484E985B2D055480005B8AD9 /* PBXTargetDependency */ = {
			isa = PBXTargetDependency;
			target = 484E98472D05547F005B8AD9 /* YIKES */;
			targetProxy = 484E985A2D055480005B8AD9 /* PBXContainerItemProxy */;
		};
		484E98652D055480005B8AD9 /* PBXTargetDependency */ = {
			isa = PBXTargetDependency;
			target = 484E98472D05547F005B8AD9 /* YIKES */;
			targetProxy = 484E98642D055480005B8AD9 /* PBXContainerItemProxy */;
		};
/* End PBXTargetDependency section */

/* Begin XCBuildConfiguration section */
		484E986B2D055480005B8AD9 /* Debug */ = {
			isa = XCBuildConfiguration;
			buildSettings = {
				ALWAYS_SEARCH_USER_PATHS = NO;
				ASSETCATALOG_COMPILER_GENERATE_SWIFT_ASSET_SYMBOL_EXTENSIONS = YES;
				CLANG_ANALYZER_NONNULL = YES;
				CLANG_ANALYZER_NUMBER_OBJECT_CONVERSION = YES_AGGRESSIVE;
				CLANG_CXX_LANGUAGE_STANDARD = "gnu++20";
				CLANG_ENABLE_MODULES = YES;
				CLANG_ENABLE_OBJC_ARC = YES;
				CLANG_ENABLE_OBJC_WEAK = YES;
				CLANG_WARN_BLOCK_CAPTURE_AUTORELEASING = YES;
				CLANG_WARN_BOOL_CONVERSION = YES;
				CLANG_WARN_COMMA = YES;
				CLANG_WARN_CONSTANT_CONVERSION = YES;
				CLANG_WARN_DEPRECATED_OBJC_IMPLEMENTATIONS = YES;
				CLANG_WARN_DIRECT_OBJC_ISA_USAGE = YES_ERROR;
				CLANG_WARN_DOCUMENTATION_COMMENTS = YES;
				CLANG_WARN_EMPTY_BODY = YES;
				CLANG_WARN_ENUM_CONVERSION = YES;
				CLANG_WARN_INFINITE_RECURSION = YES;
				CLANG_WARN_INT_CONVERSION = YES;
				CLANG_WARN_NON_LITERAL_NULL_CONVERSION = YES;
				CLANG_WARN_OBJC_IMPLICIT_RETAIN_SELF = YES;
				CLANG_WARN_OBJC_LITERAL_CONVERSION = YES;
				CLANG_WARN_OBJC_ROOT_CLASS = YES_ERROR;
				CLANG_WARN_QUOTED_INCLUDE_IN_FRAMEWORK_HEADER = YES;
				CLANG_WARN_RANGE_LOOP_ANALYSIS = YES;
				CLANG_WARN_STRICT_PROTOTYPES = YES;
				CLANG_WARN_SUSPICIOUS_MOVE = YES;
				CLANG_WARN_UNGUARDED_AVAILABILITY = YES_AGGRESSIVE;
				CLANG_WARN_UNREACHABLE_CODE = YES;
				CLANG_WARN__DUPLICATE_METHOD_MATCH = YES;
				COPY_PHASE_STRIP = NO;
				DEBUG_INFORMATION_FORMAT = dwarf;
				ENABLE_STRICT_OBJC_MSGSEND = YES;
				ENABLE_TESTABILITY = YES;
				ENABLE_USER_SCRIPT_SANDBOXING = YES;
				GCC_C_LANGUAGE_STANDARD = gnu17;
				GCC_DYNAMIC_NO_PIC = NO;
				GCC_NO_COMMON_BLOCKS = YES;
				GCC_OPTIMIZATION_LEVEL = 0;
				GCC_PREPROCESSOR_DEFINITIONS = (
					"DEBUG=1",
					"$(inherited)",
				);
				GCC_WARN_64_TO_32_BIT_CONVERSION = YES;
				GCC_WARN_ABOUT_RETURN_TYPE = YES_ERROR;
				GCC_WARN_UNDECLARED_SELECTOR = YES;
				GCC_WARN_UNINITIALIZED_AUTOS = YES_AGGRESSIVE;
				GCC_WARN_UNUSED_FUNCTION = YES;
				GCC_WARN_UNUSED_VARIABLE = YES;
				LOCALIZATION_PREFERS_STRING_CATALOGS = YES;
				MACOSX_DEPLOYMENT_TARGET = 15.1;
				MTL_ENABLE_DEBUG_INFO = INCLUDE_SOURCE;
				MTL_FAST_MATH = YES;
				ONLY_ACTIVE_ARCH = YES;
				SDKROOT = macosx;
				SWIFT_ACTIVE_COMPILATION_CONDITIONS = "DEBUG $(inherited)";
				SWIFT_OPTIMIZATION_LEVEL = "-Onone";
			};
			name = Debug;
		};
		484E986C2D055480005B8AD9 /* Release */ = {
			isa = XCBuildConfiguration;
			buildSettings = {
				ALWAYS_SEARCH_USER_PATHS = NO;
				ASSETCATALOG_COMPILER_GENERATE_SWIFT_ASSET_SYMBOL_EXTENSIONS = YES;
				CLANG_ANALYZER_NONNULL = YES;
				CLANG_ANALYZER_NUMBER_OBJECT_CONVERSION = YES_AGGRESSIVE;
				CLANG_CXX_LANGUAGE_STANDARD = "gnu++20";
				CLANG_ENABLE_MODULES = YES;
				CLANG_ENABLE_OBJC_ARC = YES;
				CLANG_ENABLE_OBJC_WEAK = YES;
				CLANG_WARN_BLOCK_CAPTURE_AUTORELEASING = YES;
				CLANG_WARN_BOOL_CONVERSION = YES;
				CLANG_WARN_COMMA = YES;
				CLANG_WARN_CONSTANT_CONVERSION = YES;
				CLANG_WARN_DEPRECATED_OBJC_IMPLEMENTATIONS = YES;
				CLANG_WARN_DIRECT_OBJC_ISA_USAGE = YES_ERROR;
				CLANG_WARN_DOCUMENTATION_COMMENTS = YES;
				CLANG_WARN_EMPTY_BODY = YES;
				CLANG_WARN_ENUM_CONVERSION = YES;
				CLANG_WARN_INFINITE_RECURSION = YES;
				CLANG_WARN_INT_CONVERSION = YES;
				CLANG_WARN_NON_LITERAL_NULL_CONVERSION = YES;
				CLANG_WARN_OBJC_IMPLICIT_RETAIN_SELF = YES;
				CLANG_WARN_OBJC_LITERAL_CONVERSION = YES;
				CLANG_WARN_OBJC_ROOT_CLASS = YES_ERROR;
				CLANG_WARN_QUOTED_INCLUDE_IN_FRAMEWORK_HEADER = YES;
				CLANG_WARN_RANGE_LOOP_ANALYSIS = YES;
				CLANG_WARN_STRICT_PROTOTYPES = YES;
				CLANG_WARN_SUSPICIOUS_MOVE = YES;
				CLANG_WARN_UNGUARDED_AVAILABILITY = YES_AGGRESSIVE;
				CLANG_WARN_UNREACHABLE_CODE = YES;
				CLANG_WARN__DUPLICATE_METHOD_MATCH = YES;
				COPY_PHASE_STRIP = NO;
				DEBUG_INFORMATION_FORMAT = "dwarf-with-dsym";
				ENABLE_NS_ASSERTIONS = NO;
				ENABLE_STRICT_OBJC_MSGSEND = YES;
				ENABLE_USER_SCRIPT_SANDBOXING = YES;
				GCC_C_LANGUAGE_STANDARD = gnu17;
				GCC_NO_COMMON_BLOCKS = YES;
				GCC_WARN_64_TO_32_BIT_CONVERSION = YES;
				GCC_WARN_ABOUT_RETURN_TYPE = YES_ERROR;
				GCC_WARN_UNDECLARED_SELECTOR = YES;
				GCC_WARN_UNINITIALIZED_AUTOS = YES_AGGRESSIVE;
				GCC_WARN_UNUSED_FUNCTION = YES;
				GCC_WARN_UNUSED_VARIABLE = YES;
				LOCALIZATION_PREFERS_STRING_CATALOGS = YES;
				MACOSX_DEPLOYMENT_TARGET = 15.1;
				MTL_ENABLE_DEBUG_INFO = NO;
				MTL_FAST_MATH = YES;
				SDKROOT = macosx;
				SWIFT_COMPILATION_MODE = wholemodule;
			};
			name = Release;
		};
		484E986E2D055480005B8AD9 /* Debug */ = {
			isa = XCBuildConfiguration;
			buildSettings = {
				ASSETCATALOG_COMPILER_APPICON_NAME = AppIcon;
				ASSETCATALOG_COMPILER_GLOBAL_ACCENT_COLOR_NAME = AccentColor;
				CODE_SIGN_ENTITLEMENTS = YIKES/YIKES.entitlements;
				CODE_SIGN_STYLE = Automatic;
				COMBINE_HIDPI_IMAGES = YES;
				CURRENT_PROJECT_VERSION = 1;
				DEVELOPMENT_ASSET_PATHS = "\"YIKES/Preview Content\"";
				ENABLE_PREVIEWS = YES;
				GENERATE_INFOPLIST_FILE = YES;
				INFOPLIST_KEY_NSHumanReadableCopyright = "";
				LD_RUNPATH_SEARCH_PATHS = (
					"$(inherited)",
					"@executable_path/../Frameworks",
				);
				MARKETING_VERSION = 1.0;
				PRODUCT_BUNDLE_IDENTIFIER = com.stannam.YIKES;
				PRODUCT_NAME = "$(TARGET_NAME)";
				SWIFT_EMIT_LOC_STRINGS = YES;
				SWIFT_VERSION = 5.0;
			};
			name = Debug;
		};
		484E986F2D055480005B8AD9 /* Release */ = {
			isa = XCBuildConfiguration;
			buildSettings = {
				ASSETCATALOG_COMPILER_APPICON_NAME = AppIcon;
				ASSETCATALOG_COMPILER_GLOBAL_ACCENT_COLOR_NAME = AccentColor;
				CODE_SIGN_ENTITLEMENTS = YIKES/YIKES.entitlements;
				CODE_SIGN_STYLE = Automatic;
				COMBINE_HIDPI_IMAGES = YES;
				CURRENT_PROJECT_VERSION = 1;
				DEVELOPMENT_ASSET_PATHS = "\"YIKES/Preview Content\"";
				ENABLE_PREVIEWS = YES;
				GENERATE_INFOPLIST_FILE = YES;
				INFOPLIST_KEY_NSHumanReadableCopyright = "";
				LD_RUNPATH_SEARCH_PATHS = (
					"$(inherited)",
					"@executable_path/../Frameworks",
				);
				MARKETING_VERSION = 1.0;
				PRODUCT_BUNDLE_IDENTIFIER = com.stannam.YIKES;
				PRODUCT_NAME = "$(TARGET_NAME)";
				SWIFT_EMIT_LOC_STRINGS = YES;
				SWIFT_VERSION = 5.0;
			};
			name = Release;
		};
		484E98712D055480005B8AD9 /* Debug */ = {
			isa = XCBuildConfiguration;
			buildSettings = {
				BUNDLE_LOADER = "$(TEST_HOST)";
				CODE_SIGN_STYLE = Automatic;
				CURRENT_PROJECT_VERSION = 1;
				GENERATE_INFOPLIST_FILE = YES;
				MACOSX_DEPLOYMENT_TARGET = 15.1;
				MARKETING_VERSION = 1.0;
				PRODUCT_BUNDLE_IDENTIFIER = com.stannam.YIKESTests;
				PRODUCT_NAME = "$(TARGET_NAME)";
				SWIFT_EMIT_LOC_STRINGS = NO;
				SWIFT_VERSION = 5.0;
				TEST_HOST = "$(BUILT_PRODUCTS_DIR)/YIKES.app/$(BUNDLE_EXECUTABLE_FOLDER_PATH)/YIKES";
			};
			name = Debug;
		};
		484E98722D055480005B8AD9 /* Release */ = {
			isa = XCBuildConfiguration;
			buildSettings = {
				BUNDLE_LOADER = "$(TEST_HOST)";
				CODE_SIGN_STYLE = Automatic;
				CURRENT_PROJECT_VERSION = 1;
				GENERATE_INFOPLIST_FILE = YES;
				MACOSX_DEPLOYMENT_TARGET = 15.1;
				MARKETING_VERSION = 1.0;
				PRODUCT_BUNDLE_IDENTIFIER = com.stannam.YIKESTests;
				PRODUCT_NAME = "$(TARGET_NAME)";
				SWIFT_EMIT_LOC_STRINGS = NO;
				SWIFT_VERSION = 5.0;
				TEST_HOST = "$(BUILT_PRODUCTS_DIR)/YIKES.app/$(BUNDLE_EXECUTABLE_FOLDER_PATH)/YIKES";
			};
			name = Release;
		};
		484E98742D055480005B8AD9 /* Debug */ = {
			isa = XCBuildConfiguration;
			buildSettings = {
				CODE_SIGN_STYLE = Automatic;
				CURRENT_PROJECT_VERSION = 1;
				GENERATE_INFOPLIST_FILE = YES;
				MARKETING_VERSION = 1.0;
				PRODUCT_BUNDLE_IDENTIFIER = com.stannam.YIKESUITests;
				PRODUCT_NAME = "$(TARGET_NAME)";
				SWIFT_EMIT_LOC_STRINGS = NO;
				SWIFT_VERSION = 5.0;
				TEST_TARGET_NAME = YIKES;
			};
			name = Debug;
		};
		484E98752D055480005B8AD9 /* Release */ = {
			isa = XCBuildConfiguration;
			buildSettings = {
				CODE_SIGN_STYLE = Automatic;
				CURRENT_PROJECT_VERSION = 1;
				GENERATE_INFOPLIST_FILE = YES;
				MARKETING_VERSION = 1.0;
				PRODUCT_BUNDLE_IDENTIFIER = com.stannam.YIKESUITests;
				PRODUCT_NAME = "$(TARGET_NAME)";
				SWIFT_EMIT_LOC_STRINGS = NO;
				SWIFT_VERSION = 5.0;
				TEST_TARGET_NAME = YIKES;
			};
			name = Release;
		};
/* End XCBuildConfiguration section */

/* Begin XCConfigurationList section */
		484E98432D05547F005B8AD9 /* Build configuration list for PBXProject "YIKES" */ = {
			isa = XCConfigurationList;
			buildConfigurations = (
				484E986B2D055480005B8AD9 /* Debug */,
				484E986C2D055480005B8AD9 /* Release */,
			);
			defaultConfigurationIsVisible = 0;
			defaultConfigurationName = Release;
		};
		484E986D2D055480005B8AD9 /* Build configuration list for PBXNativeTarget "YIKES" */ = {
			isa = XCConfigurationList;
			buildConfigurations = (
				484E986E2D055480005B8AD9 /* Debug */,
				484E986F2D055480005B8AD9 /* Release */,
			);
			defaultConfigurationIsVisible = 0;
			defaultConfigurationName = Release;
		};
		484E98702D055480005B8AD9 /* Build configuration list for PBXNativeTarget "YIKESTests" */ = {
			isa = XCConfigurationList;
			buildConfigurations = (
				484E98712D055480005B8AD9 /* Debug */,
				484E98722D055480005B8AD9 /* Release */,
			);
			defaultConfigurationIsVisible = 0;
			defaultConfigurationName = Release;
		};
		484E98732D055480005B8AD9 /* Build configuration list for PBXNativeTarget "YIKESUITests" */ = {
			isa = XCConfigurationList;
			buildConfigurations = (
				484E98742D055480005B8AD9 /* Debug */,
				484E98752D055480005B8AD9 /* Release */,
			);
			defaultConfigurationIsVisible = 0;
			defaultConfigurationName = Release;
		};
/* End XCConfigurationList section */
	};
	rootObject = 484E98402D05547F005B8AD9 /* Project object */;
}
